{
  "name": "spfx-fabric-5",
  "version": "0.0.1",
  "lockfileVersion": 1,
  "requires": true,
  "dependencies": {
    "@microsoft/load-themed-styles": {
      "version": "1.10.22",
      "resolved": "https://onedrive.pkgs.visualstudio.com/_packaging/odsp-npm/npm/registry/@microsoft/load-themed-styles/-/load-themed-styles-1.10.22.tgz",
      "integrity": "sha1-RDCTMOW4FQhR9rNyQm8KpAukp8I="
    },
    "@uifabric/foundation": {
      "version": "0.8.3",
      "resolved": "https://onedrive.pkgs.visualstudio.com/_packaging/odsp-npm/npm/registry/@uifabric/foundation/-/foundation-0.8.3.tgz",
      "integrity": "sha1-RvwhHesUB0NmldDgadGXUHP56dM=",
      "requires": {
        "@uifabric/set-version": "^1.1.3",
        "@uifabric/styling": "^6.50.7",
        "@uifabric/utilities": "^6.41.7",
        "tslib": "^1.7.1"
      }
    },
    "@uifabric/icons": {
      "version": "6.5.5",
      "resolved": "https://onedrive.pkgs.visualstudio.com/_packaging/odsp-npm/npm/registry/@uifabric/icons/-/icons-6.5.5.tgz",
      "integrity": "sha1-UATgNylbz/B2i3GKB9C72DHB06Y=",
      "requires": {
        "@uifabric/set-version": "^1.1.3",
        "@uifabric/styling": "^6.50.7",
        "tslib": "^1.7.1"
      }
    },
    "@uifabric/merge-styles": {
      "version": "6.19.4",
      "resolved": "https://onedrive.pkgs.visualstudio.com/_packaging/odsp-npm/npm/registry/@uifabric/merge-styles/-/merge-styles-6.19.4.tgz",
      "integrity": "sha1-mGoGimEJ1pmDHTre3PKGoOBCy1g=",
      "requires": {
        "@uifabric/set-version": "^1.1.3",
        "tslib": "^1.7.1"
      }
    },
    "@uifabric/set-version": {
      "version": "1.1.3",
      "resolved": "https://onedrive.pkgs.visualstudio.com/_packaging/odsp-npm/npm/registry/@uifabric/set-version/-/set-version-1.1.3.tgz",
      "integrity": "sha1-jRE33xQG84go5ZfoESIHehbI2os=",
      "requires": {
        "tslib": "^1.7.1"
      }
    },
    "@uifabric/styling": {
      "version": "6.50.7",
      "resolved": "https://onedrive.pkgs.visualstudio.com/_packaging/odsp-npm/npm/registry/@uifabric/styling/-/styling-6.50.7.tgz",
      "integrity": "sha1-oHxsiLW1ClydxgOzPXazStb8tQc=",
      "requires": {
        "@microsoft/load-themed-styles": "^1.7.13",
        "@uifabric/merge-styles": "^6.19.4",
        "@uifabric/set-version": "^1.1.3",
        "@uifabric/utilities": "^6.41.7",
        "tslib": "^1.7.1"
      }
    },
    "@uifabric/utilities": {
      "version": "6.45.1",
      "resolved": "https://onedrive.pkgs.visualstudio.com/_packaging/odsp-npm/npm/registry/@uifabric/utilities/-/utilities-6.45.1.tgz",
      "integrity": "sha1-OcsiXVeVar5nmYWz7RdCvzV5vnk=",
      "requires": {
        "@uifabric/merge-styles": "^6.19.4",
        "@uifabric/set-version": "^1.1.3",
        "prop-types": "^15.5.10",
        "tslib": "^1.7.1"
      }
    },
    "js-tokens": {
      "version": "4.0.0",
      "resolved": "https://onedrive.pkgs.visualstudio.com/_packaging/odsp-npm/npm/registry/js-tokens/-/js-tokens-4.0.0.tgz",
      "integrity": "sha1-GSA/tZmR35jjoocFDUZHzerzJJk="
    },
    "loose-envify": {
      "version": "1.4.0",
      "resolved": "https://onedrive.pkgs.visualstudio.com/_packaging/odsp-npm/npm/registry/loose-envify/-/loose-envify-1.4.0.tgz",
      "integrity": "sha1-ce5R+nvkyuwaY4OffmgtgTLTDK8=",
      "requires": {
        "js-tokens": "^3.0.0 || ^4.0.0"
      }
    },
    "object-assign": {
      "version": "4.1.1",
      "resolved": "https://onedrive.pkgs.visualstudio.com/_packaging/odsp-npm/npm/registry/object-assign/-/object-assign-4.1.1.tgz",
      "integrity": "sha1-IQmtx5ZYh8/AXLvUQsrIv7s2CGM="
    },
    "office-ui-fabric-react": {
      "version": "6.210.5",
      "resolved": "https://onedrive.pkgs.visualstudio.com/_packaging/odsp-npm/npm/registry/office-ui-fabric-react/-/office-ui-fabric-react-6.210.5.tgz",
      "integrity": "sha1-5+0/6ZCNL4J3iz37vurJyGitk1I=",
      "requires": {
        "@microsoft/load-themed-styles": "^1.7.13",
        "@uifabric/foundation": "^0.8.3",
        "@uifabric/icons": "^6.5.5",
        "@uifabric/merge-styles": "^6.19.4",
        "@uifabric/set-version": "^1.1.3",
        "@uifabric/styling": "^6.50.7",
        "@uifabric/utilities": "^6.45.1",
        "prop-types": "^15.5.10",
        "tslib": "^1.7.1"
      }
    },
    "prop-types": {
      "version": "15.7.2",
      "resolved": "https://onedrive.pkgs.visualstudio.com/_packaging/odsp-npm/npm/registry/prop-types/-/prop-types-15.7.2.tgz",
      "integrity": "sha1-UsQedbjIfnK52TYOAga5ncv/psU=",
      "requires": {
        "loose-envify": "^1.4.0",
        "object-assign": "^4.1.1",
        "react-is": "^16.8.1"
      }
    },
    "react-is": {
      "version": "16.12.0",
      "resolved": "https://onedrive.pkgs.visualstudio.com/_packaging/odsp-npm/npm/registry/react-is/-/react-is-16.12.0.tgz",
      "integrity": "sha1-LMD+D7p0LZf9UnxCoTvsTusGJBw="
    },
    "tslib": {
      "version": "1.10.0",
      "resolved": "https://onedrive.pkgs.visualstudio.com/_packaging/odsp-npm/npm/registry/tslib/-/tslib-1.10.0.tgz",
      "integrity": "sha1-w8GflZc/sKYpc/sJ2Q2WHuQ+XIo="
    }
  }
}
